{
  "name": "webapp18",
  "lockfileVersion": 3,
  "requires": true,
  "packages": {
    "": {
      "dependencies": {
        "angular-google-charts": "^2.2.3"
      }
    },
    "node_modules/@angular/common": {
      "version": "14.3.0",
      "resolved": "https://registry.npmjs.org/@angular/common/-/common-14.3.0.tgz",
      "integrity": "sha512-pV9oyG3JhGWeQ+TFB0Qub6a1VZWMNZ6/7zEopvYivdqa5yDLLDSBRWb6P80RuONXyGnM1pa7l5nYopX+r/23GQ==",
      "peer": true,
      "dependencies": {
        "tslib": "^2.3.0"
      },
      "engines": {
        "node": "^14.15.0 || >=16.10.0"
      },
      "peerDependencies": {
        "@angular/core": "14.3.0",
        "rxjs": "^6.5.3 || ^7.4.0"
      }
    },
    "node_modules/@angular/core": {
      "version": "14.3.0",
      "resolved": "https://registry.npmjs.org/@angular/core/-/core-14.3.0.tgz",
      "integrity": "sha512-wYiwItc0Uyn4FWZ/OAx/Ubp2/WrD3EgUJ476y1XI7yATGPF8n9Ld5iCXT08HOvc4eBcYlDfh90kTXR6/MfhzdQ==",
      "peer": true,
      "dependencies": {
        "tslib": "^2.3.0"
      },
      "engines": {
        "node": "^14.15.0 || >=16.10.0"
      },
      "peerDependencies": {
        "rxjs": "^6.5.3 || ^7.4.0",
        "zone.js": "~0.11.4 || ~0.12.0"
      }
    },
    "node_modules/@types/google.visualization": {
      "version": "0.0.68",
      "resolved": "https://registry.npmjs.org/@types/google.visualization/-/google.visualization-0.0.68.tgz",
      "integrity": "sha512-LkLniL1TYykhz+ZdRof3Bi8cp1OhqoK11Tj1RM2bPtGVBNexQ0eRnOrOWcWTdi80Sz9DzJ4JIG2rTlSJBVV58w=="
    },
    "node_modules/angular-google-charts": {
      "version": "2.2.3",
      "resolved": "https://registry.npmjs.org/angular-google-charts/-/angular-google-charts-2.2.3.tgz",
      "integrity": "sha512-uzwH/O/3SvfoS0207H1wJKsDlzSnPdVjJatCN+h69jdKN9ft0rCIVlMbUVK7hIj9wbxeetGRnVMPG6PAAannoQ==",
      "dependencies": {
        "@types/google.visualization": "0.0.68",
        "tslib": "^2.4.0"
      },
      "peerDependencies": {
        "@angular/common": ">=6.0.0 <=14.x.x",
        "@angular/core": ">=6.0.0 <=14.x.x"
      }
    },
    "node_modules/rxjs": {
      "version": "7.8.1",
      "resolved": "https://registry.npmjs.org/rxjs/-/rxjs-7.8.1.tgz",
      "integrity": "sha512-AA3TVj+0A2iuIoQkWEK/tqFjBq2j+6PO6Y0zJcvzLAFhEFIO3HL0vls9hWLncZbAAbK0mar7oZ4V079I/qPMxg==",
      "peer": true,
      "dependencies": {
        "tslib": "^2.1.0"
      }
    },
    "node_modules/tslib": {
      "version": "2.6.2",
      "resolved": "https://registry.npmjs.org/tslib/-/tslib-2.6.2.tgz",
      "integrity": "sha512-AEYxH93jGFPn/a2iVAwW87VuUIkR1FVUKB77NwMF7nBTDkDrrT/Hpt/IrCJ0QXhW27jTBDcf5ZY7w6RiqTMw2Q=="
    },
    "node_modules/zone.js": {
      "version": "0.12.0",
      "resolved": "https://registry.npmjs.org/zone.js/-/zone.js-0.12.0.tgz",
      "integrity": "sha512-XtC+I5dXU14HrzidAKBNMqneIVUykLEAA1x+v4KVrd6AUPWlwYORF8KgsVqvgdHiKZ4BkxxjvYi/ksEixTPR0Q==",
      "peer": true,
      "dependencies": {
        "tslib": "^2.3.0"
      }
    }
  }
}
